
Microsoft Visual Studio Solution File, Format Version 12.00
# Visual Studio Version 16
VisualStudioVersion = 16.0.28729.10
MinimumVisualStudioVersion = 10.0.40219.1
Project("{FAE04EC0-301F-11D3-BF4B-00C04F79EFBC}") = "SpotifyServerPart", "SpotifyServerPart\SpotifyServerPart.csproj", "{ED7DB10D-B935-43A4-8844-6C70EE849715}"
EndProject
Global
	GlobalSection(SolutionConfigurationPlatforms) = preSolution
		Debug|Any CPU = Debug|Any CPU
		Release|Any CPU = Release|Any CPU
	EndGlobalSection
	GlobalSection(ProjectConfigurationPlatforms) = postSolution
		{ED7DB10D-B935-43A4-8844-6C70EE849715}.Debug|Any CPU.ActiveCfg = Debug|Any CPU
		{ED7DB10D-B935-43A4-8844-6C70EE849715}.Debug|Any CPU.Build.0 = Debug|Any CPU
		{ED7DB10D-B935-43A4-8844-6C70EE849715}.Release|Any CPU.ActiveCfg = Release|Any CPU
		{ED7DB10D-B935-43A4-8844-6C70EE849715}.Release|Any CPU.Build.0 = Release|Any CPU
	EndGlobalSection
	GlobalSection(SolutionProperties) = preSolution
		HideSolutionNode = FALSE
	EndGlobalSection
	GlobalSection(ExtensibilityGlobals) = postSolution
		SolutionGuid = {6D73FE0B-4CC9-4452-9934-BB7D5DAA9FBB}
	EndGlobalSection
EndGlobal
